Microsoft Visual Studio Solution File, Format Version 12.00
# Visual Studio Version 17
VisualStudioVersion = 17.5.2.0
MinimumVisualStudioVersion = 10.0.40219.1
Project("{FAE04EC0-301F-11D3-BF4B-00C04F79EFBC}") = "DefesaCivil.Api", "DefesaCivil.Api\DefesaCivil.Api.csproj", "{DEEFC3DE-B31A-748C-2F63-7278EE3A6FD0}"
EndProject
Global
	GlobalSection(SolutionConfigurationPlatforms) = preSolution
		Debug|Any CPU = Debug|Any CPU
		Release|Any CPU = Release|Any CPU
	EndGlobalSection
	GlobalSection(ProjectConfigurationPlatforms) = postSolution
		{DEEFC3DE-B31A-748C-2F63-7278EE3A6FD0}.Debug|Any CPU.ActiveCfg = Debug|Any CPU
		{DEEFC3DE-B31A-748C-2F63-7278EE3A6FD0}.Debug|Any CPU.Build.0 = Debug|Any CPU
		{DEEFC3DE-B31A-748C-2F63-7278EE3A6FD0}.Release|Any CPU.ActiveCfg = Release|Any CPU
		{DEEFC3DE-B31A-748C-2F63-7278EE3A6FD0}.Release|Any CPU.Build.0 = Release|Any CPU
	EndGlobalSection
	GlobalSection(SolutionProperties) = preSolution
		HideSolutionNode = FALSE
	EndGlobalSection
	GlobalSection(ExtensibilityGlobals) = postSolution
		SolutionGuid = {1258938C-87B8-42F1-A596-D2A3ED8D591D}
	EndGlobalSection
EndGlobal
